
Microsoft Visual Studio Solution File, Format Version 12.00
# Visual Studio 15
VisualStudioVersion = 15.0.28307.168
MinimumVisualStudioVersion = 10.0.40219.1
Project("{FAE04EC0-301F-11D3-BF4B-00C04F79EFBC}") = "LeetCode929UniqueEmailAddressesTests", "LeetCode929UniqueEmailAddressesTests\LeetCode929UniqueEmailAddressesTests.csproj", "{0B732FF6-3CA5-4D37-8E21-6CFA8B21338B}"
EndProject
Global
	GlobalSection(SolutionConfigurationPlatforms) = preSolution
		Debug|Any CPU = Debug|Any CPU
		Release|Any CPU = Release|Any CPU
	EndGlobalSection
	GlobalSection(ProjectConfigurationPlatforms) = postSolution
		{0B732FF6-3CA5-4D37-8E21-6CFA8B21338B}.Debug|Any CPU.ActiveCfg = Debug|Any CPU
		{0B732FF6-3CA5-4D37-8E21-6CFA8B21338B}.Debug|Any CPU.Build.0 = Debug|Any CPU
		{0B732FF6-3CA5-4D37-8E21-6CFA8B21338B}.Release|Any CPU.ActiveCfg = Release|Any CPU
		{0B732FF6-3CA5-4D37-8E21-6CFA8B21338B}.Release|Any CPU.Build.0 = Release|Any CPU
	EndGlobalSection
	GlobalSection(SolutionProperties) = preSolution
		HideSolutionNode = FALSE
	EndGlobalSection
	GlobalSection(ExtensibilityGlobals) = postSolution
		SolutionGuid = {D13C05FE-964E-4F64-A45C-D3EC17508224}
	EndGlobalSection
EndGlobal
